
Microsoft Visual Studio Solution File, Format Version 12.00
# Visual Studio Version 17
VisualStudioVersion = 17.11.35327.3
MinimumVisualStudioVersion = 10.0.40219.1
Project("{FAE04EC0-301F-11D3-BF4B-00C04F79EFBC}") = "CustomerApiConsoleApp.Application", "CustomerApiConsoleApp\src\CustomerApiConsoleApp.Application\CustomerApiConsoleApp.Application.csproj", "{8124CE58-8FD4-4E71-A60D-56B400748D8C}"
EndProject
Project("{FAE04EC0-301F-11D3-BF4B-00C04F79EFBC}") = "CustomerApiConsoleApp.Domain", "CustomerApiConsoleApp\src\CustomerApiConsoleApp.Domain\CustomerApiConsoleApp.Domain.csproj", "{18EEDC20-6789-4A67-AD05-AEF8DE3A512E}"
EndProject
Project("{FAE04EC0-301F-11D3-BF4B-00C04F79EFBC}") = "CustomerApiConsoleApp.Infrastructure", "CustomerApiConsoleApp\src\CustomerApiConsoleApp.Infrastructure\CustomerApiConsoleApp.Infrastructure.csproj", "{71CB75E0-D3F6-428B-86C8-362ADA00A73F}"
EndProject
Project("{FAE04EC0-301F-11D3-BF4B-00C04F79EFBC}") = "CustomerApiConsoleApp.Presentation", "CustomerApiConsoleApp\src\CustomerApiConsoleApp.Presentation\CustomerApiConsoleApp.Presentation.csproj", "{F07C98BB-42A6-4F49-868A-90FD44B648BD}"
EndProject
Global
	GlobalSection(SolutionConfigurationPlatforms) = preSolution
		Debug|Any CPU = Debug|Any CPU
		Release|Any CPU = Release|Any CPU
	EndGlobalSection
	GlobalSection(ProjectConfigurationPlatforms) = postSolution
		{8124CE58-8FD4-4E71-A60D-56B400748D8C}.Debug|Any CPU.ActiveCfg = Debug|Any CPU
		{8124CE58-8FD4-4E71-A60D-56B400748D8C}.Debug|Any CPU.Build.0 = Debug|Any CPU
		{8124CE58-8FD4-4E71-A60D-56B400748D8C}.Release|Any CPU.ActiveCfg = Release|Any CPU
		{8124CE58-8FD4-4E71-A60D-56B400748D8C}.Release|Any CPU.Build.0 = Release|Any CPU
		{18EEDC20-6789-4A67-AD05-AEF8DE3A512E}.Debug|Any CPU.ActiveCfg = Debug|Any CPU
		{18EEDC20-6789-4A67-AD05-AEF8DE3A512E}.Debug|Any CPU.Build.0 = Debug|Any CPU
		{18EEDC20-6789-4A67-AD05-AEF8DE3A512E}.Release|Any CPU.ActiveCfg = Release|Any CPU
		{18EEDC20-6789-4A67-AD05-AEF8DE3A512E}.Release|Any CPU.Build.0 = Release|Any CPU
		{71CB75E0-D3F6-428B-86C8-362ADA00A73F}.Debug|Any CPU.ActiveCfg = Debug|Any CPU
		{71CB75E0-D3F6-428B-86C8-362ADA00A73F}.Debug|Any CPU.Build.0 = Debug|Any CPU
		{71CB75E0-D3F6-428B-86C8-362ADA00A73F}.Release|Any CPU.ActiveCfg = Release|Any CPU
		{71CB75E0-D3F6-428B-86C8-362ADA00A73F}.Release|Any CPU.Build.0 = Release|Any CPU
		{F07C98BB-42A6-4F49-868A-90FD44B648BD}.Debug|Any CPU.ActiveCfg = Debug|Any CPU
		{F07C98BB-42A6-4F49-868A-90FD44B648BD}.Debug|Any CPU.Build.0 = Debug|Any CPU
		{F07C98BB-42A6-4F49-868A-90FD44B648BD}.Release|Any CPU.ActiveCfg = Release|Any CPU
		{F07C98BB-42A6-4F49-868A-90FD44B648BD}.Release|Any CPU.Build.0 = Release|Any CPU
	EndGlobalSection
	GlobalSection(SolutionProperties) = preSolution
		HideSolutionNode = FALSE
	EndGlobalSection
	GlobalSection(ExtensibilityGlobals) = postSolution
		SolutionGuid = {6B052F1B-89C7-49FC-9EEC-13A559031905}
	EndGlobalSection
EndGlobal
